# This file is automatically @generated by Cargo.
# It is not intended for manual editing.
version = 4

[[package]]
name = "libfont"
version = "0.1.0"

[[package]]
name = "libgfx"
version = "0.1.0"
dependencies = [
 "libfont",
 "noto-sans-mono-bitmap",
]

[[package]]
name = "libicon"
version = "0.1.0"
dependencies = [
 "libgfx",
]

[[package]]
name = "noto-sans-mono-bitmap"
version = "0.3.2"
source = "registry+https://github.com/rust-lang/crates.io-index"
checksum = "f102c477fd4ec864c149803bf606ecc23bc9329602ec0f99073a728abf454abc"
